# This file is generated by running "yarn install" inside your project.
# Manual changes might be lost - proceed with caution!

__metadata:
  version: 6
  cacheKey: 8

"ansi-regex@npm:^0.2.0, ansi-regex@npm:^0.2.1":
  version: 0.2.1
  resolution: "ansi-regex@npm:0.2.1"
  checksum: ce95ac031fc64b9bb5317396d01723e0e07e9fbf1aa481df55c645657a1dbcaf90b6a8e69da6e64ad4543f0bd75691e426b2258a34f3c12999a277c09efd9430
  languageName: node
  linkType: hard

"ansi-styles@npm:^1.1.0":
  version: 1.1.0
  resolution: "ansi-styles@npm:1.1.0"
  checksum: 4f01de400ef36d4328fc2421d378e5e3f80685e7b79e049fb14d5e75a37c546a7e625b4478e39b7ca6f41421d374e2b0eea52732ed3ed9bde93dc671e72eb79d
  languageName: node
  linkType: hard

"argparse@npm:^1.0.7":
  version: 1.0.10
  resolution: "argparse@npm:1.0.10"
  dependencies:
    sprintf-js: ~1.0.2
  checksum: 7ca6e45583a28de7258e39e13d81e925cfa25d7d4aacbf806a382d3c02fcb13403a07fb8aeef949f10a7cfe4a62da0e2e807b348a5980554cc28ee573ef95945
  languageName: node
  linkType: hard

"chalk@npm:^0.5.1":
  version: 0.5.1
  resolution: "chalk@npm:0.5.1"
  dependencies:
    ansi-styles: ^1.1.0
    escape-string-regexp: ^1.0.0
    has-ansi: ^0.1.0
    strip-ansi: ^0.3.0
    supports-color: ^0.2.0
  checksum: 33eb9cf9220b13f1cae0a52e612d60f61fb1c894782b4efa847e40485a66e191d4199793b8087dc15b08e75607254a5980b45046f52350766c40d187505aacd9
  languageName: node
  linkType: hard

"commander@npm:^2.3.0":
  version: 2.20.3
  resolution: "commander@npm:2.20.3"
  checksum: ab8c07884e42c3a8dbc5dd9592c606176c7eb5c1ca5ff274bcf907039b2c41de3626f684ea75ccf4d361ba004bbaff1f577d5384c155f3871e456bdf27becf9e
  languageName: node
  linkType: hard

"commander@npm:^9.0.0":
  version: 9.5.0
  resolution: "commander@npm:9.5.0"
  checksum: c7a3e27aa59e913b54a1bafd366b88650bc41d6651f0cbe258d4ff09d43d6a7394232a4dadd0bf518b3e696fdf595db1028a0d82c785b88bd61f8a440cecfade
  languageName: node
  linkType: hard

"ep09@workspace:.":
  version: 0.0.0-use.local
  resolution: "ep09@workspace:."
  dependencies:
    front-matter: ^4.0.2
    fs-extra: ^11.1.1
    mustache: ^4.2.0
    showdown: ^2.1.0
    static-server: ^2.2.1
  languageName: unknown
  linkType: soft

"escape-string-regexp@npm:^1.0.0":
  version: 1.0.5
  resolution: "escape-string-regexp@npm:1.0.5"
  checksum: 6092fda75c63b110c706b6a9bfde8a612ad595b628f0bd2147eea1d3406723020810e591effc7db1da91d80a71a737a313567c5abb3813e8d9c71f4aa595b410
  languageName: node
  linkType: hard

"esprima@npm:^4.0.0":
  version: 4.0.1
  resolution: "esprima@npm:4.0.1"
  bin:
    esparse: ./bin/esparse.js
    esvalidate: ./bin/esvalidate.js
  checksum: b45bc805a613dbea2835278c306b91aff6173c8d034223fa81498c77dcbce3b2931bf6006db816f62eacd9fd4ea975dfd85a5b7f3c6402cfd050d4ca3c13a628
  languageName: node
  linkType: hard

"file-size@npm:0.0.5":
  version: 0.0.5
  resolution: "file-size@npm:0.0.5"
  checksum: 404ab62bac816c4b903fdeee0ab677722d14f99641d7b7188938bd7d595fe4634181cb6681ad8de6dd4f9e1087f63730d5447e4e7589497095b28078cbc91700
  languageName: node
  linkType: hard

"front-matter@npm:^4.0.2":
  version: 4.0.2
  resolution: "front-matter@npm:4.0.2"
  dependencies:
    js-yaml: ^3.13.1
  checksum: a5b4c36d75a820301ebf31db0f677332d189c4561903ab6853eaa0504b43634f98557dbf87752e09043dbd2c9dcc14b4bcf9151cb319c8ad7e26edb203c0cd23
  languageName: node
  linkType: hard

"fs-extra@npm:^11.1.1":
  version: 11.1.1
  resolution: "fs-extra@npm:11.1.1"
  dependencies:
    graceful-fs: ^4.2.0
    jsonfile: ^6.0.1
    universalify: ^2.0.0
  checksum: fb883c68245b2d777fbc1f2082c9efb084eaa2bbf9fddaa366130d196c03608eebef7fb490541276429ee1ca99f317e2d73e96f5ca0999eefedf5a624ae1edfd
  languageName: node
  linkType: hard

"graceful-fs@npm:^4.1.6, graceful-fs@npm:^4.2.0":
  version: 4.2.11
  resolution: "graceful-fs@npm:4.2.11"
  checksum: ac85f94da92d8eb6b7f5a8b20ce65e43d66761c55ce85ac96df6865308390da45a8d3f0296dd3a663de65d30ba497bd46c696cc1e248c72b13d6d567138a4fc7
  languageName: node
  linkType: hard

"has-ansi@npm:^0.1.0":
  version: 0.1.0
  resolution: "has-ansi@npm:0.1.0"
  dependencies:
    ansi-regex: ^0.2.0
  bin:
    has-ansi: cli.js
  checksum: 8eb68a066bb42460f7065432c14af40050c458eed3ac8329421990dbf5e2dd804a98b2e763013fdbb7f7049105f6c6806e7e90d7ac6caa337c3275574ce42d06
  languageName: node
  linkType: hard

"is-wsl@npm:^1.1.0":
  version: 1.1.0
  resolution: "is-wsl@npm:1.1.0"
  checksum: ea157d232351e68c92bd62fc541771096942fe72f69dff452dd26dcc31466258c570a3b04b8cda2e01cd2968255b02951b8670d08ea4ed76d6b1a646061ac4fe
  languageName: node
  linkType: hard

"js-yaml@npm:^3.13.1":
  version: 3.14.1
  resolution: "js-yaml@npm:3.14.1"
  dependencies:
    argparse: ^1.0.7
    esprima: ^4.0.0
  bin:
    js-yaml: bin/js-yaml.js
  checksum: bef146085f472d44dee30ec34e5cf36bf89164f5d585435a3d3da89e52622dff0b188a580e4ad091c3341889e14cb88cac6e4deb16dc5b1e9623bb0601fc255c
  languageName: node
  linkType: hard

"jsonfile@npm:^6.0.1":
  version: 6.1.0
  resolution: "jsonfile@npm:6.1.0"
  dependencies:
    graceful-fs: ^4.1.6
    universalify: ^2.0.0
  dependenciesMeta:
    graceful-fs:
      optional: true
  checksum: 7af3b8e1ac8fe7f1eccc6263c6ca14e1966fcbc74b618d3c78a0a2075579487547b94f72b7a1114e844a1e15bb00d440e5d1720bfc4612d790a6f285d5ea8354
  languageName: node
  linkType: hard

"mime@npm:^1.2.11":
  version: 1.6.0
  resolution: "mime@npm:1.6.0"
  bin:
    mime: cli.js
  checksum: fef25e39263e6d207580bdc629f8872a3f9772c923c7f8c7e793175cee22777bbe8bba95e5d509a40aaa292d8974514ce634ae35769faa45f22d17edda5e8557
  languageName: node
  linkType: hard

"mustache@npm:^4.2.0":
  version: 4.2.0
  resolution: "mustache@npm:4.2.0"
  bin:
    mustache: bin/mustache
  checksum: 928fcb63e3aa44a562bfe9b59ba202cccbe40a46da50be6f0dd831b495be1dd7e38ca4657f0ecab2c1a89dc7bccba0885eab7ee7c1b215830da765758c7e0506
  languageName: node
  linkType: hard

"opn@npm:^5.2.0":
  version: 5.5.0
  resolution: "opn@npm:5.5.0"
  dependencies:
    is-wsl: ^1.1.0
  checksum: 35b677b5a1fd6c8cb1996b0607671ba79f7ce9fa029217d54eafaf6bee13eb7e700691c6a415009140fd02a435fffdfd143875f3b233b60f3f9d631c6f6b81a0
  languageName: node
  linkType: hard

"showdown@npm:^2.1.0":
  version: 2.1.0
  resolution: "showdown@npm:2.1.0"
  dependencies:
    commander: ^9.0.0
  bin:
    showdown: bin/showdown.js
  checksum: 9e33607612c4465f9ef39de356e2cee512e248eb71d4725e1d4353cf3ab4bbe89a94601ce6bfbd8245000633693c8b90e7d85a9613dfeba7704a7422cee78282
  languageName: node
  linkType: hard

"sprintf-js@npm:~1.0.2":
  version: 1.0.3
  resolution: "sprintf-js@npm:1.0.3"
  checksum: 19d79aec211f09b99ec3099b5b2ae2f6e9cdefe50bc91ac4c69144b6d3928a640bb6ae5b3def70c2e85a2c3d9f5ec2719921e3a59d3ca3ef4b2fd1a4656a0df3
  languageName: node
  linkType: hard

"static-server@npm:^2.2.1":
  version: 2.2.1
  resolution: "static-server@npm:2.2.1"
  dependencies:
    chalk: ^0.5.1
    commander: ^2.3.0
    file-size: 0.0.5
    mime: ^1.2.11
    opn: ^5.2.0
  bin:
    static-server: ./bin/static-server.js
  checksum: 7cec351d26f5037440ec664f7bfb581303d757a394b79d8d55609cb523db249a79cc775e66f47af4e7da1cb992df5ec2c8ebf7974fd849a8072e485c59c96996
  languageName: node
  linkType: hard

"strip-ansi@npm:^0.3.0":
  version: 0.3.0
  resolution: "strip-ansi@npm:0.3.0"
  dependencies:
    ansi-regex: ^0.2.1
  bin:
    strip-ansi: cli.js
  checksum: c154768b855009319a4ad9438233cbf3365b9e9008e6c39eadd3c7bd3614d4cde49f2b6f50e07632c2f148ed4b8ab3b4ddbae1f9805335df2ba25bc5653d22f4
  languageName: node
  linkType: hard

"supports-color@npm:^0.2.0":
  version: 0.2.0
  resolution: "supports-color@npm:0.2.0"
  bin:
    supports-color: cli.js
  checksum: 7ec93a92418979aa8a965c85548a3f57441b48cb1e654e1a79e8bd3d62a614a8faec4afc078051da36318550cbf947f5d23da9fe53934ee577c2c300f1a9e4c4
  languageName: node
  linkType: hard

"universalify@npm:^2.0.0":
  version: 2.0.1
  resolution: "universalify@npm:2.0.1"
  checksum: ecd8469fe0db28e7de9e5289d32bd1b6ba8f7183db34f3bfc4ca53c49891c2d6aa05f3fb3936a81285a905cc509fb641a0c3fc131ec786167eff41236ae32e60
  languageName: node
  linkType: hard
