{
  "name": "elmath-rondido",
  "version": "0.0.1",
  "lockfileVersion": 3,
  "requires": true,
  "packages": {
    "": {
      "name": "elmath-rondido",
      "version": "0.0.1",
      "license": "MIT",
      "dependencies": {
        "elmath2": "^0.0.4"
      }
    },
    "node_modules/elmath2": {
      "version": "0.0.4",
      "resolved": "https://registry.npmjs.org/elmath2/-/elmath2-0.0.4.tgz",
      "integrity": "sha512-545ft73B8sF15/lBfy6k7JKQTHfXRwiMlaUZ6YOM1UIaaVfVeMeb6cq2rs4ybhXxUAA374opT6KMP5xJx7FLRw=="
    }
  }
}
