# THIS IS AN AUTOGENERATED FILE. DO NOT EDIT THIS FILE DIRECTLY.
# yarn lockfile v1


elmath2@^0.0.4:
  version "0.0.4"
  resolved "https://registry.yarnpkg.com/elmath2/-/elmath2-0.0.4.tgz#100796abfb64630e0a883bb8c0a06c0817683086"
  integrity sha512-545ft73B8sF15/lBfy6k7JKQTHfXRwiMlaUZ6YOM1UIaaVfVeMeb6cq2rs4ybhXxUAA374opT6KMP5xJx7FLRw==
